
Microsoft Visual Studio Solution File, Format Version 12.00
# Visual Studio Version 17
VisualStudioVersion = 17.4.33205.214
MinimumVisualStudioVersion = 10.0.40219.1
Project("{FAE04EC0-301F-11D3-BF4B-00C04F79EFBC}") = "MyTasks.WebApi", "MyTasks.WebApi\MyTasks.WebApi.csproj", "{F24D6DF5-6320-4EA0-BE7F-F6AEB02FB373}"
EndProject
Global
	GlobalSection(SolutionConfigurationPlatforms) = preSolution
		Debug|Any CPU = Debug|Any CPU
		Release|Any CPU = Release|Any CPU
	EndGlobalSection
	GlobalSection(ProjectConfigurationPlatforms) = postSolution
		{F24D6DF5-6320-4EA0-BE7F-F6AEB02FB373}.Debug|Any CPU.ActiveCfg = Debug|Any CPU
		{F24D6DF5-6320-4EA0-BE7F-F6AEB02FB373}.Debug|Any CPU.Build.0 = Debug|Any CPU
		{F24D6DF5-6320-4EA0-BE7F-F6AEB02FB373}.Release|Any CPU.ActiveCfg = Release|Any CPU
		{F24D6DF5-6320-4EA0-BE7F-F6AEB02FB373}.Release|Any CPU.Build.0 = Release|Any CPU
	EndGlobalSection
	GlobalSection(SolutionProperties) = preSolution
		HideSolutionNode = FALSE
	EndGlobalSection
	GlobalSection(ExtensibilityGlobals) = postSolution
		SolutionGuid = {F15C9945-B3A5-4A65-AA27-3F8951806E60}
	EndGlobalSection
EndGlobal
